
Microsoft Visual Studio Solution File, Format Version 12.00
# Visual Studio Version 17
VisualStudioVersion = 17.2.32616.157
MinimumVisualStudioVersion = 10.0.40219.1
Project("{9A19103F-16F7-4668-BE54-9A1E7A4F7556}") = "AnimDL", "AnimDL\AnimDL.csproj", "{85106753-871F-436E-A9B0-93AC274C450E}"
EndProject
Project("{9A19103F-16F7-4668-BE54-9A1E7A4F7556}") = "AnimDL.Core", "AnimDL.Core\AnimDL.Core.csproj", "{5792C1CC-1759-4303-8A9B-C84316E111AF}"
EndProject
Project("{9A19103F-16F7-4668-BE54-9A1E7A4F7556}") = "AnimDL.WinUI", "AnimDL.WinUI\AnimDL.WinUI.csproj", "{F7963235-A16F-4E10-91C9-25A0E709F5E5}"
EndProject
Project("{9A19103F-16F7-4668-BE54-9A1E7A4F7556}") = "AnimDL.WinUI.Core", "AnimDL.WinUI.Core\AnimDL.WinUI.Core.csproj", "{E5F3FCD1-666E-4B0E-BEC2-812C1BDD5D25}"
EndProject
Project("{9A19103F-16F7-4668-BE54-9A1E7A4F7556}") = "MalApi", "MalApi\MalApi.csproj", "{3738332E-92D5-4445-AB49-A906D95A78B4}"
EndProject
Global
	GlobalSection(SolutionConfigurationPlatforms) = preSolution
		Debug|Any CPU = Debug|Any CPU
		Debug|ARM = Debug|ARM
		Debug|ARM64 = Debug|ARM64
		Debug|x64 = Debug|x64
		Debug|x86 = Debug|x86
		Release|Any CPU = Release|Any CPU
		Release|ARM = Release|ARM
		Release|ARM64 = Release|ARM64
		Release|x64 = Release|x64
		Release|x86 = Release|x86
	EndGlobalSection
	GlobalSection(ProjectConfigurationPlatforms) = postSolution
		{85106753-871F-436E-A9B0-93AC274C450E}.Debug|Any CPU.ActiveCfg = Debug|Any CPU
		{85106753-871F-436E-A9B0-93AC274C450E}.Debug|Any CPU.Build.0 = Debug|Any CPU
		{85106753-871F-436E-A9B0-93AC274C450E}.Debug|ARM.ActiveCfg = Debug|Any CPU
		{85106753-871F-436E-A9B0-93AC274C450E}.Debug|ARM.Build.0 = Debug|Any CPU
		{85106753-871F-436E-A9B0-93AC274C450E}.Debug|ARM64.ActiveCfg = Debug|Any CPU
		{85106753-871F-436E-A9B0-93AC274C450E}.Debug|ARM64.Build.0 = Debug|Any CPU
		{85106753-871F-436E-A9B0-93AC274C450E}.Debug|x64.ActiveCfg = Debug|Any CPU
		{85106753-871F-436E-A9B0-93AC274C450E}.Debug|x64.Build.0 = Debug|Any CPU
		{85106753-871F-436E-A9B0-93AC274C450E}.Debug|x86.ActiveCfg = Debug|Any CPU
		{85106753-871F-436E-A9B0-93AC274C450E}.Debug|x86.Build.0 = Debug|Any CPU
		{85106753-871F-436E-A9B0-93AC274C450E}.Release|Any CPU.ActiveCfg = Release|Any CPU
		{85106753-871F-436E-A9B0-93AC274C450E}.Release|Any CPU.Build.0 = Release|Any CPU
		{85106753-871F-436E-A9B0-93AC274C450E}.Release|ARM.ActiveCfg = Release|Any CPU
		{85106753-871F-436E-A9B0-93AC274C450E}.Release|ARM.Build.0 = Release|Any CPU
		{85106753-871F-436E-A9B0-93AC274C450E}.Release|ARM64.ActiveCfg = Release|Any CPU
		{85106753-871F-436E-A9B0-93AC274C450E}.Release|ARM64.Build.0 = Release|Any CPU
		{85106753-871F-436E-A9B0-93AC274C450E}.Release|x64.ActiveCfg = Release|Any CPU
		{85106753-871F-436E-A9B0-93AC274C450E}.Release|x64.Build.0 = Release|Any CPU
		{85106753-871F-436E-A9B0-93AC274C450E}.Release|x86.ActiveCfg = Release|Any CPU
		{85106753-871F-436E-A9B0-93AC274C450E}.Release|x86.Build.0 = Release|Any CPU
		{5792C1CC-1759-4303-8A9B-C84316E111AF}.Debug|Any CPU.ActiveCfg = Debug|Any CPU
		{5792C1CC-1759-4303-8A9B-C84316E111AF}.Debug|Any CPU.Build.0 = Debug|Any CPU
		{5792C1CC-1759-4303-8A9B-C84316E111AF}.Debug|ARM.ActiveCfg = Debug|Any CPU
		{5792C1CC-1759-4303-8A9B-C84316E111AF}.Debug|ARM.Build.0 = Debug|Any CPU
		{5792C1CC-1759-4303-8A9B-C84316E111AF}.Debug|ARM64.ActiveCfg = Debug|Any CPU
		{5792C1CC-1759-4303-8A9B-C84316E111AF}.Debug|ARM64.Build.0 = Debug|Any CPU
		{5792C1CC-1759-4303-8A9B-C84316E111AF}.Debug|x64.ActiveCfg = Debug|Any CPU
		{5792C1CC-1759-4303-8A9B-C84316E111AF}.Debug|x64.Build.0 = Debug|Any CPU
		{5792C1CC-1759-4303-8A9B-C84316E111AF}.Debug|x86.ActiveCfg = Debug|Any CPU
		{5792C1CC-1759-4303-8A9B-C84316E111AF}.Debug|x86.Build.0 = Debug|Any CPU
		{5792C1CC-1759-4303-8A9B-C84316E111AF}.Release|Any CPU.ActiveCfg = Release|Any CPU
		{5792C1CC-1759-4303-8A9B-C84316E111AF}.Release|Any CPU.Build.0 = Release|Any CPU
		{5792C1CC-1759-4303-8A9B-C84316E111AF}.Release|ARM.ActiveCfg = Release|Any CPU
		{5792C1CC-1759-4303-8A9B-C84316E111AF}.Release|ARM.Build.0 = Release|Any CPU
		{5792C1CC-1759-4303-8A9B-C84316E111AF}.Release|ARM64.ActiveCfg = Release|Any CPU
		{5792C1CC-1759-4303-8A9B-C84316E111AF}.Release|ARM64.Build.0 = Release|Any CPU
		{5792C1CC-1759-4303-8A9B-C84316E111AF}.Release|x64.ActiveCfg = Release|Any CPU
		{5792C1CC-1759-4303-8A9B-C84316E111AF}.Release|x64.Build.0 = Release|Any CPU
		{5792C1CC-1759-4303-8A9B-C84316E111AF}.Release|x86.ActiveCfg = Release|Any CPU
		{5792C1CC-1759-4303-8A9B-C84316E111AF}.Release|x86.Build.0 = Release|Any CPU
		{F7963235-A16F-4E10-91C9-25A0E709F5E5}.Debug|Any CPU.ActiveCfg = Debug|x64
		{F7963235-A16F-4E10-91C9-25A0E709F5E5}.Debug|Any CPU.Build.0 = Debug|x64
		{F7963235-A16F-4E10-91C9-25A0E709F5E5}.Debug|Any CPU.Deploy.0 = Debug|x64
		{F7963235-A16F-4E10-91C9-25A0E709F5E5}.Debug|ARM.ActiveCfg = Debug|x64
		{F7963235-A16F-4E10-91C9-25A0E709F5E5}.Debug|ARM.Build.0 = Debug|x64
		{F7963235-A16F-4E10-91C9-25A0E709F5E5}.Debug|ARM.Deploy.0 = Debug|x64
		{F7963235-A16F-4E10-91C9-25A0E709F5E5}.Debug|ARM64.ActiveCfg = Debug|arm64
		{F7963235-A16F-4E10-91C9-25A0E709F5E5}.Debug|ARM64.Build.0 = Debug|arm64
		{F7963235-A16F-4E10-91C9-25A0E709F5E5}.Debug|ARM64.Deploy.0 = Debug|arm64
		{F7963235-A16F-4E10-91C9-25A0E709F5E5}.Debug|x64.ActiveCfg = Debug|x64
		{F7963235-A16F-4E10-91C9-25A0E709F5E5}.Debug|x64.Build.0 = Debug|x64
		{F7963235-A16F-4E10-91C9-25A0E709F5E5}.Debug|x64.Deploy.0 = Debug|x64
		{F7963235-A16F-4E10-91C9-25A0E709F5E5}.Debug|x86.ActiveCfg = Debug|x86
		{F7963235-A16F-4E10-91C9-25A0E709F5E5}.Debug|x86.Build.0 = Debug|x86
		{F7963235-A16F-4E10-91C9-25A0E709F5E5}.Debug|x86.Deploy.0 = Debug|x86
		{F7963235-A16F-4E10-91C9-25A0E709F5E5}.Release|Any CPU.ActiveCfg = Release|x64
		{F7963235-A16F-4E10-91C9-25A0E709F5E5}.Release|Any CPU.Build.0 = Release|x64
		{F7963235-A16F-4E10-91C9-25A0E709F5E5}.Release|Any CPU.Deploy.0 = Release|x64
		{F7963235-A16F-4E10-91C9-25A0E709F5E5}.Release|ARM.ActiveCfg = Release|x64
		{F7963235-A16F-4E10-91C9-25A0E709F5E5}.Release|ARM.Build.0 = Release|x64
		{F7963235-A16F-4E10-91C9-25A0E709F5E5}.Release|ARM.Deploy.0 = Release|x64
		{F7963235-A16F-4E10-91C9-25A0E709F5E5}.Release|ARM64.ActiveCfg = Release|arm64
		{F7963235-A16F-4E10-91C9-25A0E709F5E5}.Release|ARM64.Build.0 = Release|arm64
		{F7963235-A16F-4E10-91C9-25A0E709F5E5}.Release|ARM64.Deploy.0 = Release|arm64
		{F7963235-A16F-4E10-91C9-25A0E709F5E5}.Release|x64.ActiveCfg = Release|x64
		{F7963235-A16F-4E10-91C9-25A0E709F5E5}.Release|x64.Build.0 = Release|x64
		{F7963235-A16F-4E10-91C9-25A0E709F5E5}.Release|x64.Deploy.0 = Release|x64
		{F7963235-A16F-4E10-91C9-25A0E709F5E5}.Release|x86.ActiveCfg = Release|x86
		{F7963235-A16F-4E10-91C9-25A0E709F5E5}.Release|x86.Build.0 = Release|x86
		{F7963235-A16F-4E10-91C9-25A0E709F5E5}.Release|x86.Deploy.0 = Release|x86
		{E5F3FCD1-666E-4B0E-BEC2-812C1BDD5D25}.Debug|Any CPU.ActiveCfg = Debug|Any CPU
		{E5F3FCD1-666E-4B0E-BEC2-812C1BDD5D25}.Debug|Any CPU.Build.0 = Debug|Any CPU
		{E5F3FCD1-666E-4B0E-BEC2-812C1BDD5D25}.Debug|ARM.ActiveCfg = Debug|Any CPU
		{E5F3FCD1-666E-4B0E-BEC2-812C1BDD5D25}.Debug|ARM.Build.0 = Debug|Any CPU
		{E5F3FCD1-666E-4B0E-BEC2-812C1BDD5D25}.Debug|ARM64.ActiveCfg = Debug|arm64
		{E5F3FCD1-666E-4B0E-BEC2-812C1BDD5D25}.Debug|ARM64.Build.0 = Debug|arm64
		{E5F3FCD1-666E-4B0E-BEC2-812C1BDD5D25}.Debug|x64.ActiveCfg = Debug|x64
		{E5F3FCD1-666E-4B0E-BEC2-812C1BDD5D25}.Debug|x64.Build.0 = Debug|x64
		{E5F3FCD1-666E-4B0E-BEC2-812C1BDD5D25}.Debug|x86.ActiveCfg = Debug|x86
		{E5F3FCD1-666E-4B0E-BEC2-812C1BDD5D25}.Debug|x86.Build.0 = Debug|x86
		{E5F3FCD1-666E-4B0E-BEC2-812C1BDD5D25}.Release|Any CPU.ActiveCfg = Release|Any CPU
		{E5F3FCD1-666E-4B0E-BEC2-812C1BDD5D25}.Release|Any CPU.Build.0 = Release|Any CPU
		{E5F3FCD1-666E-4B0E-BEC2-812C1BDD5D25}.Release|ARM.ActiveCfg = Release|Any CPU
		{E5F3FCD1-666E-4B0E-BEC2-812C1BDD5D25}.Release|ARM.Build.0 = Release|Any CPU
		{E5F3FCD1-666E-4B0E-BEC2-812C1BDD5D25}.Release|ARM64.ActiveCfg = Release|arm64
		{E5F3FCD1-666E-4B0E-BEC2-812C1BDD5D25}.Release|ARM64.Build.0 = Release|arm64
		{E5F3FCD1-666E-4B0E-BEC2-812C1BDD5D25}.Release|x64.ActiveCfg = Release|x64
		{E5F3FCD1-666E-4B0E-BEC2-812C1BDD5D25}.Release|x64.Build.0 = Release|x64
		{E5F3FCD1-666E-4B0E-BEC2-812C1BDD5D25}.Release|x86.ActiveCfg = Release|x86
		{E5F3FCD1-666E-4B0E-BEC2-812C1BDD5D25}.Release|x86.Build.0 = Release|x86
		{3738332E-92D5-4445-AB49-A906D95A78B4}.Debug|Any CPU.ActiveCfg = Debug|Any CPU
		{3738332E-92D5-4445-AB49-A906D95A78B4}.Debug|Any CPU.Build.0 = Debug|Any CPU
		{3738332E-92D5-4445-AB49-A906D95A78B4}.Debug|ARM.ActiveCfg = Debug|Any CPU
		{3738332E-92D5-4445-AB49-A906D95A78B4}.Debug|ARM.Build.0 = Debug|Any CPU
		{3738332E-92D5-4445-AB49-A906D95A78B4}.Debug|ARM64.ActiveCfg = Debug|Any CPU
		{3738332E-92D5-4445-AB49-A906D95A78B4}.Debug|ARM64.Build.0 = Debug|Any CPU
		{3738332E-92D5-4445-AB49-A906D95A78B4}.Debug|x64.ActiveCfg = Debug|Any CPU
		{3738332E-92D5-4445-AB49-A906D95A78B4}.Debug|x64.Build.0 = Debug|Any CPU
		{3738332E-92D5-4445-AB49-A906D95A78B4}.Debug|x86.ActiveCfg = Debug|Any CPU
		{3738332E-92D5-4445-AB49-A906D95A78B4}.Debug|x86.Build.0 = Debug|Any CPU
		{3738332E-92D5-4445-AB49-A906D95A78B4}.Release|Any CPU.ActiveCfg = Release|Any CPU
		{3738332E-92D5-4445-AB49-A906D95A78B4}.Release|Any CPU.Build.0 = Release|Any CPU
		{3738332E-92D5-4445-AB49-A906D95A78B4}.Release|ARM.ActiveCfg = Release|Any CPU
		{3738332E-92D5-4445-AB49-A906D95A78B4}.Release|ARM.Build.0 = Release|Any CPU
		{3738332E-92D5-4445-AB49-A906D95A78B4}.Release|ARM64.ActiveCfg = Release|Any CPU
		{3738332E-92D5-4445-AB49-A906D95A78B4}.Release|ARM64.Build.0 = Release|Any CPU
		{3738332E-92D5-4445-AB49-A906D95A78B4}.Release|x64.ActiveCfg = Release|Any CPU
		{3738332E-92D5-4445-AB49-A906D95A78B4}.Release|x64.Build.0 = Release|Any CPU
		{3738332E-92D5-4445-AB49-A906D95A78B4}.Release|x86.ActiveCfg = Release|Any CPU
		{3738332E-92D5-4445-AB49-A906D95A78B4}.Release|x86.Build.0 = Release|Any CPU
	EndGlobalSection
	GlobalSection(SolutionProperties) = preSolution
		HideSolutionNode = FALSE
	EndGlobalSection
	GlobalSection(ExtensibilityGlobals) = postSolution
		SolutionGuid = {F0B1985C-10C5-4404-BC4E-20903A74007F}
	EndGlobalSection
EndGlobal
