
Microsoft Visual Studio Solution File, Format Version 12.00
# Visual Studio Version 17
VisualStudioVersion = 17.2.32616.157
MinimumVisualStudioVersion = 10.0.40219.1
Project("{9A19103F-16F7-4668-BE54-9A1E7A4F7556}") = "AnimDL", "AnimDL\AnimDL.csproj", "{85106753-871F-436E-A9B0-93AC274C450E}"
EndProject
Project("{9A19103F-16F7-4668-BE54-9A1E7A4F7556}") = "AnimDL.Core", "AnimDL.Core\AnimDL.Core.csproj", "{5792C1CC-1759-4303-8A9B-C84316E111AF}"
EndProject
Project("{9A19103F-16F7-4668-BE54-9A1E7A4F7556}") = "AnimDL.WinUI", "AnimDL.WinUI\AnimDL.WinUI.csproj", "{F7963235-A16F-4E10-91C9-25A0E709F5E5}"
EndProject
Project("{9A19103F-16F7-4668-BE54-9A1E7A4F7556}") = "AnimDL.WinUI.Core", "AnimDL.WinUI.Core\AnimDL.WinUI.Core.csproj", "{E5F3FCD1-666E-4B0E-BEC2-812C1BDD5D25}"
EndProject
Project("{930C7802-8A8C-48F9-8165-68863BCCD9DD}") = "AnimDL.Installer", "AnimDL.Installer\AnimDL.Installer.wixproj", "{39FA00D8-59A7-4167-9015-BFEE0EEB6E14}"
EndProject
Project("{930C7802-8A8C-48F9-8165-68863BCCD9DD}") = "AnimDL.Bootstrapper", "AnimDL.Installer\AnimDL.Bootstrapper.wixproj", "{0B78252D-1C5D-446A-84DE-D0B17418218A}"
EndProject
Project("{2150E333-8FDC-42A3-9474-1A3956D46DE8}") = "Solution Items", "Solution Items", "{9BC9AB6B-CFA0-477E-ABC5-8DF3C611C9F9}"
	ProjectSection(SolutionItems) = preProject
		.gitattributes = .gitattributes
		.gitignore = .gitignore
		.vsconfig = .vsconfig
		.github\workflows\Deploy.yml = .github\workflows\Deploy.yml
		LICENSE.txt = LICENSE.txt
		README.md = README.md
	EndProjectSection
EndProject
Global
	GlobalSection(SolutionConfigurationPlatforms) = preSolution
		Debug|x64 = Debug|x64
		Debug|x86 = Debug|x86
		Release|x64 = Release|x64
		Release|x86 = Release|x86
	EndGlobalSection
	GlobalSection(ProjectConfigurationPlatforms) = postSolution
		{85106753-871F-436E-A9B0-93AC274C450E}.Debug|x64.ActiveCfg = Debug|x64
		{85106753-871F-436E-A9B0-93AC274C450E}.Debug|x64.Build.0 = Debug|x64
		{85106753-871F-436E-A9B0-93AC274C450E}.Debug|x86.ActiveCfg = Debug|x64
		{85106753-871F-436E-A9B0-93AC274C450E}.Debug|x86.Build.0 = Debug|x64
		{85106753-871F-436E-A9B0-93AC274C450E}.Release|x64.ActiveCfg = Release|x64
		{85106753-871F-436E-A9B0-93AC274C450E}.Release|x64.Build.0 = Release|x64
		{85106753-871F-436E-A9B0-93AC274C450E}.Release|x86.ActiveCfg = Release|x64
		{85106753-871F-436E-A9B0-93AC274C450E}.Release|x86.Build.0 = Release|x64
		{5792C1CC-1759-4303-8A9B-C84316E111AF}.Debug|x64.ActiveCfg = Debug|x64
		{5792C1CC-1759-4303-8A9B-C84316E111AF}.Debug|x64.Build.0 = Debug|x64
		{5792C1CC-1759-4303-8A9B-C84316E111AF}.Debug|x86.ActiveCfg = Debug|x64
		{5792C1CC-1759-4303-8A9B-C84316E111AF}.Debug|x86.Build.0 = Debug|x64
		{5792C1CC-1759-4303-8A9B-C84316E111AF}.Release|x64.ActiveCfg = Release|x64
		{5792C1CC-1759-4303-8A9B-C84316E111AF}.Release|x64.Build.0 = Release|x64
		{5792C1CC-1759-4303-8A9B-C84316E111AF}.Release|x86.ActiveCfg = Release|x64
		{5792C1CC-1759-4303-8A9B-C84316E111AF}.Release|x86.Build.0 = Release|x64
		{F7963235-A16F-4E10-91C9-25A0E709F5E5}.Debug|x64.ActiveCfg = Debug|x64
		{F7963235-A16F-4E10-91C9-25A0E709F5E5}.Debug|x64.Build.0 = Debug|x64
		{F7963235-A16F-4E10-91C9-25A0E709F5E5}.Debug|x64.Deploy.0 = Debug|x64
		{F7963235-A16F-4E10-91C9-25A0E709F5E5}.Debug|x86.ActiveCfg = Debug|x64
		{F7963235-A16F-4E10-91C9-25A0E709F5E5}.Debug|x86.Build.0 = Debug|x64
		{F7963235-A16F-4E10-91C9-25A0E709F5E5}.Release|x64.ActiveCfg = Release|x64
		{F7963235-A16F-4E10-91C9-25A0E709F5E5}.Release|x64.Build.0 = Release|x64
		{F7963235-A16F-4E10-91C9-25A0E709F5E5}.Release|x64.Deploy.0 = Release|x64
		{F7963235-A16F-4E10-91C9-25A0E709F5E5}.Release|x86.ActiveCfg = Release|x64
		{F7963235-A16F-4E10-91C9-25A0E709F5E5}.Release|x86.Build.0 = Release|x64
		{E5F3FCD1-666E-4B0E-BEC2-812C1BDD5D25}.Debug|x64.ActiveCfg = Debug|x64
		{E5F3FCD1-666E-4B0E-BEC2-812C1BDD5D25}.Debug|x64.Build.0 = Debug|x64
		{E5F3FCD1-666E-4B0E-BEC2-812C1BDD5D25}.Debug|x86.ActiveCfg = Debug|x64
		{E5F3FCD1-666E-4B0E-BEC2-812C1BDD5D25}.Debug|x86.Build.0 = Debug|x64
		{E5F3FCD1-666E-4B0E-BEC2-812C1BDD5D25}.Release|x64.ActiveCfg = Release|x64
		{E5F3FCD1-666E-4B0E-BEC2-812C1BDD5D25}.Release|x64.Build.0 = Release|x64
		{E5F3FCD1-666E-4B0E-BEC2-812C1BDD5D25}.Release|x86.ActiveCfg = Release|x64
		{E5F3FCD1-666E-4B0E-BEC2-812C1BDD5D25}.Release|x86.Build.0 = Release|x64
		{39FA00D8-59A7-4167-9015-BFEE0EEB6E14}.Debug|x64.ActiveCfg = Debug|x64
		{39FA00D8-59A7-4167-9015-BFEE0EEB6E14}.Debug|x64.Build.0 = Debug|x64
		{39FA00D8-59A7-4167-9015-BFEE0EEB6E14}.Debug|x86.ActiveCfg = Debug|x64
		{39FA00D8-59A7-4167-9015-BFEE0EEB6E14}.Debug|x86.Build.0 = Debug|x64
		{39FA00D8-59A7-4167-9015-BFEE0EEB6E14}.Release|x64.ActiveCfg = Release|x64
		{39FA00D8-59A7-4167-9015-BFEE0EEB6E14}.Release|x86.ActiveCfg = Release|x64
		{39FA00D8-59A7-4167-9015-BFEE0EEB6E14}.Release|x86.Build.0 = Release|x64
		{0B78252D-1C5D-446A-84DE-D0B17418218A}.Debug|x64.ActiveCfg = Debug|x86
		{0B78252D-1C5D-446A-84DE-D0B17418218A}.Debug|x64.Build.0 = Debug|x86
		{0B78252D-1C5D-446A-84DE-D0B17418218A}.Debug|x86.ActiveCfg = Debug|x86
		{0B78252D-1C5D-446A-84DE-D0B17418218A}.Debug|x86.Build.0 = Debug|x86
		{0B78252D-1C5D-446A-84DE-D0B17418218A}.Release|x64.ActiveCfg = Release|x86
		{0B78252D-1C5D-446A-84DE-D0B17418218A}.Release|x86.ActiveCfg = Release|x86
		{0B78252D-1C5D-446A-84DE-D0B17418218A}.Release|x86.Build.0 = Release|x86
	EndGlobalSection
	GlobalSection(SolutionProperties) = preSolution
		HideSolutionNode = FALSE
	EndGlobalSection
	GlobalSection(ExtensibilityGlobals) = postSolution
		SolutionGuid = {F0B1985C-10C5-4404-BC4E-20903A74007F}
	EndGlobalSection
EndGlobal
